// !$*UTF8*$!
{
	archiveVersion = 1;
	classes = {
	};
	objectVersion = 46;
	objects = {

/* Begin PBXBuildFile section */
		046F8B714A89A30A52DCFB42 /* libPods-wawjUITests.a in Frameworks */ = {isa = PBXBuildFile; fileRef = 9FE8DCA98A6ACE026C78D1C6 /* libPods-wawjUITests.a */; };
		430530EECFA3E9435E2049CE /* libPods-wawj.a in Frameworks */ = {isa = PBXBuildFile; fileRef = A0F144179D9045BE5BA2E4D2 /* libPods-wawj.a */; };
		771F95761F0DD4DF00B4D016 /* startPage in Resources */ = {isa = PBXBuildFile; fileRef = 771F95751F0DD4DF00B4D016 /* startPage */; };
		771F95791F0DD75D00B4D016 /* WARegisterViewController.m in Sources */ = {isa = PBXBuildFile; fileRef = 771F95781F0DD75D00B4D016 /* WARegisterViewController.m */; };
		77832DE31F0CB3600009F004 /* main.m in Sources */ = {isa = PBXBuildFile; fileRef = 77832DE21F0CB3600009F004 /* main.m */; };
		77832DE61F0CB3600009F004 /* AppDelegate.m in Sources */ = {isa = PBXBuildFile; fileRef = 77832DE51F0CB3600009F004 /* AppDelegate.m */; };
		77832DEC1F0CB3600009F004 /* Main.storyboard in Resources */ = {isa = PBXBuildFile; fileRef = 77832DEA1F0CB3600009F004 /* Main.storyboard */; };
		77832DEE1F0CB3600009F004 /* Assets.xcassets in Resources */ = {isa = PBXBuildFile; fileRef = 77832DED1F0CB3600009F004 /* Assets.xcassets */; };
		77832DF11F0CB3600009F004 /* LaunchScreen.storyboard in Resources */ = {isa = PBXBuildFile; fileRef = 77832DEF1F0CB3600009F004 /* LaunchScreen.storyboard */; };
		77832DFC1F0CB3600009F004 /* wawjTests.m in Sources */ = {isa = PBXBuildFile; fileRef = 77832DFB1F0CB3600009F004 /* wawjTests.m */; };
		77832E071F0CB3600009F004 /* wawjUITests.m in Sources */ = {isa = PBXBuildFile; fileRef = 77832E061F0CB3600009F004 /* wawjUITests.m */; };
		8FBFB470A8D2ADA23A1F6624 /* libPods-wawjTests.a in Frameworks */ = {isa = PBXBuildFile; fileRef = 7164936E998887AF1573CC2E /* libPods-wawjTests.a */; };
/* End PBXBuildFile section */

/* Begin PBXContainerItemProxy section */
		77832DF81F0CB3600009F004 /* PBXContainerItemProxy */ = {
			isa = PBXContainerItemProxy;
			containerPortal = 77832DD61F0CB3600009F004 /* Project object */;
			proxyType = 1;
			remoteGlobalIDString = 77832DDD1F0CB3600009F004;
			remoteInfo = wawj;
		};
		77832E031F0CB3600009F004 /* PBXContainerItemProxy */ = {
			isa = PBXContainerItemProxy;
			containerPortal = 77832DD61F0CB3600009F004 /* Project object */;
			proxyType = 1;
			remoteGlobalIDString = 77832DDD1F0CB3600009F004;
			remoteInfo = wawj;
		};
/* End PBXContainerItemProxy section */

/* Begin PBXFileReference section */
		491A08007405ED99B37CAC45 /* Pods-wawjTests.release.xcconfig */ = {isa = PBXFileReference; includeInIndex = 1; lastKnownFileType = text.xcconfig; name = "Pods-wawjTests.release.xcconfig"; path = "Pods/Target Support Files/Pods-wawjTests/Pods-wawjTests.release.xcconfig"; sourceTree = "<group>"; };
		7164936E998887AF1573CC2E /* libPods-wawjTests.a */ = {isa = PBXFileReference; explicitFileType = archive.ar; includeInIndex = 0; path = "libPods-wawjTests.a"; sourceTree = BUILT_PRODUCTS_DIR; };
		771F95751F0DD4DF00B4D016 /* startPage */ = {isa = PBXFileReference; lastKnownFileType = folder; path = startPage; sourceTree = "<group>"; };
		771F95771F0DD75D00B4D016 /* WARegisterViewController.h */ = {isa = PBXFileReference; fileEncoding = 4; lastKnownFileType = sourcecode.c.h; path = WARegisterViewController.h; sourceTree = "<group>"; };
		771F95781F0DD75D00B4D016 /* WARegisterViewController.m */ = {isa = PBXFileReference; fileEncoding = 4; lastKnownFileType = sourcecode.c.objc; path = WARegisterViewController.m; sourceTree = "<group>"; };
		77832DDE1F0CB3600009F004 /* wawj.app */ = {isa = PBXFileReference; explicitFileType = wrapper.application; includeInIndex = 0; path = wawj.app; sourceTree = BUILT_PRODUCTS_DIR; };
		77832DE21F0CB3600009F004 /* main.m */ = {isa = PBXFileReference; lastKnownFileType = sourcecode.c.objc; path = main.m; sourceTree = "<group>"; };
		77832DE41F0CB3600009F004 /* AppDelegate.h */ = {isa = PBXFileReference; lastKnownFileType = sourcecode.c.h; path = AppDelegate.h; sourceTree = "<group>"; };
		77832DE51F0CB3600009F004 /* AppDelegate.m */ = {isa = PBXFileReference; lastKnownFileType = sourcecode.c.objc; path = AppDelegate.m; sourceTree = "<group>"; };
		77832DEB1F0CB3600009F004 /* Base */ = {isa = PBXFileReference; lastKnownFileType = file.storyboard; name = Base; path = Base.lproj/Main.storyboard; sourceTree = "<group>"; };
		77832DED1F0CB3600009F004 /* Assets.xcassets */ = {isa = PBXFileReference; lastKnownFileType = folder.assetcatalog; path = Assets.xcassets; sourceTree = "<group>"; };
		77832DF01F0CB3600009F004 /* Base */ = {isa = PBXFileReference; lastKnownFileType = file.storyboard; name = Base; path = Base.lproj/LaunchScreen.storyboard; sourceTree = "<group>"; };
		77832DF21F0CB3600009F004 /* Info.plist */ = {isa = PBXFileReference; lastKnownFileType = text.plist.xml; path = Info.plist; sourceTree = "<group>"; };
		77832DF71F0CB3600009F004 /* wawjTests.xctest */ = {isa = PBXFileReference; explicitFileType = wrapper.cfbundle; includeInIndex = 0; path = wawjTests.xctest; sourceTree = BUILT_PRODUCTS_DIR; };
		77832DFB1F0CB3600009F004 /* wawjTests.m */ = {isa = PBXFileReference; lastKnownFileType = sourcecode.c.objc; path = wawjTests.m; sourceTree = "<group>"; };
		77832DFD1F0CB3600009F004 /* Info.plist */ = {isa = PBXFileReference; lastKnownFileType = text.plist.xml; path = Info.plist; sourceTree = "<group>"; };
		77832E021F0CB3600009F004 /* wawjUITests.xctest */ = {isa = PBXFileReference; explicitFileType = wrapper.cfbundle; includeInIndex = 0; path = wawjUITests.xctest; sourceTree = BUILT_PRODUCTS_DIR; };
		77832E061F0CB3600009F004 /* wawjUITests.m */ = {isa = PBXFileReference; lastKnownFileType = sourcecode.c.objc; path = wawjUITests.m; sourceTree = "<group>"; };
		77832E081F0CB3600009F004 /* Info.plist */ = {isa = PBXFileReference; lastKnownFileType = text.plist.xml; path = Info.plist; sourceTree = "<group>"; };
		8B21D00EF72FB7B38D7B26B0 /* Pods-wawj.debug.xcconfig */ = {isa = PBXFileReference; includeInIndex = 1; lastKnownFileType = text.xcconfig; name = "Pods-wawj.debug.xcconfig"; path = "Pods/Target Support Files/Pods-wawj/Pods-wawj.debug.xcconfig"; sourceTree = "<group>"; };
		9FE8DCA98A6ACE026C78D1C6 /* libPods-wawjUITests.a */ = {isa = PBXFileReference; explicitFileType = archive.ar; includeInIndex = 0; path = "libPods-wawjUITests.a"; sourceTree = BUILT_PRODUCTS_DIR; };
		A0F144179D9045BE5BA2E4D2 /* libPods-wawj.a */ = {isa = PBXFileReference; explicitFileType = archive.ar; includeInIndex = 0; path = "libPods-wawj.a"; sourceTree = BUILT_PRODUCTS_DIR; };
		BFA43CEA23B85C594B7FA94D /* Pods-wawj.release.xcconfig */ = {isa = PBXFileReference; includeInIndex = 1; lastKnownFileType = text.xcconfig; name = "Pods-wawj.release.xcconfig"; path = "Pods/Target Support Files/Pods-wawj/Pods-wawj.release.xcconfig"; sourceTree = "<group>"; };
		DF84A151F2BDB576F4E0B027 /* Pods-wawjUITests.debug.xcconfig */ = {isa = PBXFileReference; includeInIndex = 1; lastKnownFileType = text.xcconfig; name = "Pods-wawjUITests.debug.xcconfig"; path = "Pods/Target Support Files/Pods-wawjUITests/Pods-wawjUITests.debug.xcconfig"; sourceTree = "<group>"; };
		E07A4DA50E1B93552860701F /* Pods-wawjUITests.release.xcconfig */ = {isa = PBXFileReference; includeInIndex = 1; lastKnownFileType = text.xcconfig; name = "Pods-wawjUITests.release.xcconfig"; path = "Pods/Target Support Files/Pods-wawjUITests/Pods-wawjUITests.release.xcconfig"; sourceTree = "<group>"; };
		F94C0FFCB4E73951FC2B9DE5 /* Pods-wawjTests.debug.xcconfig */ = {isa = PBXFileReference; includeInIndex = 1; lastKnownFileType = text.xcconfig; name = "Pods-wawjTests.debug.xcconfig"; path = "Pods/Target Support Files/Pods-wawjTests/Pods-wawjTests.debug.xcconfig"; sourceTree = "<group>"; };
/* End PBXFileReference section */

/* Begin PBXFrameworksBuildPhase section */
		77832DDB1F0CB3600009F004 /* Frameworks */ = {
			isa = PBXFrameworksBuildPhase;
			buildActionMask = 2147483647;
			files = (
				430530EECFA3E9435E2049CE /* libPods-wawj.a in Frameworks */,
			);
			runOnlyForDeploymentPostprocessing = 0;
		};
		77832DF41F0CB3600009F004 /* Frameworks */ = {
			isa = PBXFrameworksBuildPhase;
			buildActionMask = 2147483647;
			files = (
				8FBFB470A8D2ADA23A1F6624 /* libPods-wawjTests.a in Frameworks */,
			);
			runOnlyForDeploymentPostprocessing = 0;
		};
		77832DFF1F0CB3600009F004 /* Frameworks */ = {
			isa = PBXFrameworksBuildPhase;
			buildActionMask = 2147483647;
			files = (
				046F8B714A89A30A52DCFB42 /* libPods-wawjUITests.a in Frameworks */,
			);
			runOnlyForDeploymentPostprocessing = 0;
		};
/* End PBXFrameworksBuildPhase section */

/* Begin PBXGroup section */
		331F84371C63D0D6A47D198A /* Pods */ = {
			isa = PBXGroup;
			children = (
				8B21D00EF72FB7B38D7B26B0 /* Pods-wawj.debug.xcconfig */,
				BFA43CEA23B85C594B7FA94D /* Pods-wawj.release.xcconfig */,
				F94C0FFCB4E73951FC2B9DE5 /* Pods-wawjTests.debug.xcconfig */,
				491A08007405ED99B37CAC45 /* Pods-wawjTests.release.xcconfig */,
				DF84A151F2BDB576F4E0B027 /* Pods-wawjUITests.debug.xcconfig */,
				E07A4DA50E1B93552860701F /* Pods-wawjUITests.release.xcconfig */,
			);
			name = Pods;
			sourceTree = "<group>";
		};
		5F45177397006B593D2354B9 /* Frameworks */ = {
			isa = PBXGroup;
			children = (
				A0F144179D9045BE5BA2E4D2 /* libPods-wawj.a */,
				7164936E998887AF1573CC2E /* libPods-wawjTests.a */,
				9FE8DCA98A6ACE026C78D1C6 /* libPods-wawjUITests.a */,
			);
			name = Frameworks;
			sourceTree = "<group>";
		};
		77832DD51F0CB3600009F004 = {
			isa = PBXGroup;
			children = (
				77832DE01F0CB3600009F004 /* wawj */,
				77832DFA1F0CB3600009F004 /* wawjTests */,
				77832E051F0CB3600009F004 /* wawjUITests */,
				77832DDF1F0CB3600009F004 /* Products */,
				331F84371C63D0D6A47D198A /* Pods */,
				5F45177397006B593D2354B9 /* Frameworks */,
			);
			sourceTree = "<group>";
		};
		77832DDF1F0CB3600009F004 /* Products */ = {
			isa = PBXGroup;
			children = (
				77832DDE1F0CB3600009F004 /* wawj.app */,
				77832DF71F0CB3600009F004 /* wawjTests.xctest */,
				77832E021F0CB3600009F004 /* wawjUITests.xctest */,
			);
			name = Products;
			sourceTree = "<group>";
		};
		77832DE01F0CB3600009F004 /* wawj */ = {
			isa = PBXGroup;
			children = (
				77832DE41F0CB3600009F004 /* AppDelegate.h */,
				77832DE51F0CB3600009F004 /* AppDelegate.m */,
				771F95771F0DD75D00B4D016 /* WARegisterViewController.h */,
				771F95781F0DD75D00B4D016 /* WARegisterViewController.m */,
				771F95751F0DD4DF00B4D016 /* startPage */,
				77832DEA1F0CB3600009F004 /* Main.storyboard */,
				77832DED1F0CB3600009F004 /* Assets.xcassets */,
				77832DEF1F0CB3600009F004 /* LaunchScreen.storyboard */,
				77832DF21F0CB3600009F004 /* Info.plist */,
				77832DE11F0CB3600009F004 /* Supporting Files */,
			);
			path = wawj;
			sourceTree = "<group>";
		};
		77832DE11F0CB3600009F004 /* Supporting Files */ = {
			isa = PBXGroup;
			children = (
				77832DE21F0CB3600009F004 /* main.m */,
			);
			name = "Supporting Files";
			sourceTree = "<group>";
		};
		77832DFA1F0CB3600009F004 /* wawjTests */ = {
			isa = PBXGroup;
			children = (
				77832DFB1F0CB3600009F004 /* wawjTests.m */,
				77832DFD1F0CB3600009F004 /* Info.plist */,
			);
			path = wawjTests;
			sourceTree = "<group>";
		};
		77832E051F0CB3600009F004 /* wawjUITests */ = {
			isa = PBXGroup;
			children = (
				77832E061F0CB3600009F004 /* wawjUITests.m */,
				77832E081F0CB3600009F004 /* Info.plist */,
			);
			path = wawjUITests;
			sourceTree = "<group>";
		};
/* End PBXGroup section */

/* Begin PBXNativeTarget section */
		77832DDD1F0CB3600009F004 /* wawj */ = {
			isa = PBXNativeTarget;
			buildConfigurationList = 77832E0B1F0CB3600009F004 /* Build configuration list for PBXNativeTarget "wawj" */;
			buildPhases = (
				9CEFE3A3177815D878908889 /* [CP] Check Pods Manifest.lock */,
				77832DDA1F0CB3600009F004 /* Sources */,
				77832DDB1F0CB3600009F004 /* Frameworks */,
				77832DDC1F0CB3600009F004 /* Resources */,
				BBFC5557C2E263D1BC73F4C7 /* [CP] Embed Pods Frameworks */,
				6F0A4B3A6F317DD5A76EE3C5 /* [CP] Copy Pods Resources */,
			);
			buildRules = (
			);
			dependencies = (
			);
			name = wawj;
			productName = wawj;
			productReference = 77832DDE1F0CB3600009F004 /* wawj.app */;
			productType = "com.apple.product-type.application";
		};
		77832DF61F0CB3600009F004 /* wawjTests */ = {
			isa = PBXNativeTarget;
			buildConfigurationList = 77832E0E1F0CB3600009F004 /* Build configuration list for PBXNativeTarget "wawjTests" */;
			buildPhases = (
				626B672C9CE8A596DD4B4F1B /* [CP] Check Pods Manifest.lock */,
				77832DF31F0CB3600009F004 /* Sources */,
				77832DF41F0CB3600009F004 /* Frameworks */,
				77832DF51F0CB3600009F004 /* Resources */,
				3E1CD020A0C3F31E6453B31A /* [CP] Embed Pods Frameworks */,
				9355C0A98C9AB2198B965B5A /* [CP] Copy Pods Resources */,
			);
			buildRules = (
			);
			dependencies = (
				77832DF91F0CB3600009F004 /* PBXTargetDependency */,
			);
			name = wawjTests;
			productName = wawjTests;
			productReference = 77832DF71F0CB3600009F004 /* wawjTests.xctest */;
			productType = "com.apple.product-type.bundle.unit-test";
		};
		77832E011F0CB3600009F004 /* wawjUITests */ = {
			isa = PBXNativeTarget;
			buildConfigurationList = 77832E111F0CB3600009F004 /* Build configuration list for PBXNativeTarget "wawjUITests" */;
			buildPhases = (
				644E6D16D847E535C8A44EB2 /* [CP] Check Pods Manifest.lock */,
				77832DFE1F0CB3600009F004 /* Sources */,
				77832DFF1F0CB3600009F004 /* Frameworks */,
				77832E001F0CB3600009F004 /* Resources */,
				F32BCE9E9BB49260AF8FE99A /* [CP] Embed Pods Frameworks */,
				32143035A0C0E78ADA48B33F /* [CP] Copy Pods Resources */,
			);
			buildRules = (
			);
			dependencies = (
				77832E041F0CB3600009F004 /* PBXTargetDependency */,
			);
			name = wawjUITests;
			productName = wawjUITests;
			productReference = 77832E021F0CB3600009F004 /* wawjUITests.xctest */;
			productType = "com.apple.product-type.bundle.ui-testing";
		};
/* End PBXNativeTarget section */

/* Begin PBXProject section */
		77832DD61F0CB3600009F004 /* Project object */ = {
			isa = PBXProject;
			attributes = {
				LastUpgradeCheck = 0820;
				ORGANIZATIONNAME = technology;
				TargetAttributes = {
					77832DDD1F0CB3600009F004 = {
						CreatedOnToolsVersion = 8.2.1;
						DevelopmentTeam = T693A8J42H;
						ProvisioningStyle = Automatic;
					};
					77832DF61F0CB3600009F004 = {
						CreatedOnToolsVersion = 8.2.1;
						DevelopmentTeam = T693A8J42H;
						ProvisioningStyle = Automatic;
						TestTargetID = 77832DDD1F0CB3600009F004;
					};
					77832E011F0CB3600009F004 = {
						CreatedOnToolsVersion = 8.2.1;
						DevelopmentTeam = T693A8J42H;
						ProvisioningStyle = Automatic;
						TestTargetID = 77832DDD1F0CB3600009F004;
					};
				};
			};
			buildConfigurationList = 77832DD91F0CB3600009F004 /* Build configuration list for PBXProject "wawj" */;
			compatibilityVersion = "Xcode 3.2";
			developmentRegion = English;
			hasScannedForEncodings = 0;
			knownRegions = (
				en,
				Base,
			);
			mainGroup = 77832DD51F0CB3600009F004;
			productRefGroup = 77832DDF1F0CB3600009F004 /* Products */;
			projectDirPath = "";
			projectRoot = "";
			targets = (
				77832DDD1F0CB3600009F004 /* wawj */,
				77832DF61F0CB3600009F004 /* wawjTests */,
				77832E011F0CB3600009F004 /* wawjUITests */,
			);
		};
/* End PBXProject section */

/* Begin PBXResourcesBuildPhase section */
		77832DDC1F0CB3600009F004 /* Resources */ = {
			isa = PBXResourcesBuildPhase;
			buildActionMask = 2147483647;
			files = (
				771F95761F0DD4DF00B4D016 /* startPage in Resources */,
				77832DF11F0CB3600009F004 /* LaunchScreen.storyboard in Resources */,
				77832DEE1F0CB3600009F004 /* Assets.xcassets in Resources */,
				77832DEC1F0CB3600009F004 /* Main.storyboard in Resources */,
			);
			runOnlyForDeploymentPostprocessing = 0;
		};
		77832DF51F0CB3600009F004 /* Resources */ = {
			isa = PBXResourcesBuildPhase;
			buildActionMask = 2147483647;
			files = (
			);
			runOnlyForDeploymentPostprocessing = 0;
		};
		77832E001F0CB3600009F004 /* Resources */ = {
			isa = PBXResourcesBuildPhase;
			buildActionMask = 2147483647;
			files = (
			);
			runOnlyForDeploymentPostprocessing = 0;
		};
/* End PBXResourcesBuildPhase section */

/* Begin PBXShellScriptBuildPhase section */
		32143035A0C0E78ADA48B33F /* [CP] Copy Pods Resources */ = {
			isa = PBXShellScriptBuildPhase;
			buildActionMask = 2147483647;
			files = (
			);
			inputPaths = (
			);
			name = "[CP] Copy Pods Resources";
			outputPaths = (
			);
			runOnlyForDeploymentPostprocessing = 0;
			shellPath = /bin/sh;
			shellScript = "\"${SRCROOT}/Pods/Target Support Files/Pods-wawjUITests/Pods-wawjUITests-resources.sh\"\n";
			showEnvVarsInLog = 0;
		};
		3E1CD020A0C3F31E6453B31A /* [CP] Embed Pods Frameworks */ = {
			isa = PBXShellScriptBuildPhase;
			buildActionMask = 2147483647;
			files = (
			);
			inputPaths = (
			);
			name = "[CP] Embed Pods Frameworks";
			outputPaths = (
			);
			runOnlyForDeploymentPostprocessing = 0;
			shellPath = /bin/sh;
			shellScript = "\"${SRCROOT}/Pods/Target Support Files/Pods-wawjTests/Pods-wawjTests-frameworks.sh\"\n";
			showEnvVarsInLog = 0;
		};
		626B672C9CE8A596DD4B4F1B /* [CP] Check Pods Manifest.lock */ = {
			isa = PBXShellScriptBuildPhase;
			buildActionMask = 2147483647;
			files = (
			);
			inputPaths = (
			);
			name = "[CP] Check Pods Manifest.lock";
			outputPaths = (
			);
			runOnlyForDeploymentPostprocessing = 0;
			shellPath = /bin/sh;
			shellScript = "diff \"${PODS_ROOT}/../Podfile.lock\" \"${PODS_ROOT}/Manifest.lock\" > /dev/null\nif [ $? != 0 ] ; then\n    # print error to STDERR\n    echo \"error: The sandbox is not in sync with the Podfile.lock. Run 'pod install' or update your CocoaPods installation.\" >&2\n    exit 1\nfi\n";
			showEnvVarsInLog = 0;
		};
		644E6D16D847E535C8A44EB2 /* [CP] Check Pods Manifest.lock */ = {
			isa = PBXShellScriptBuildPhase;
			buildActionMask = 2147483647;
			files = (
			);
			inputPaths = (
			);
			name = "[CP] Check Pods Manifest.lock";
			outputPaths = (
			);
			runOnlyForDeploymentPostprocessing = 0;
			shellPath = /bin/sh;
			shellScript = "diff \"${PODS_ROOT}/../Podfile.lock\" \"${PODS_ROOT}/Manifest.lock\" > /dev/null\nif [ $? != 0 ] ; then\n    # print error to STDERR\n    echo \"error: The sandbox is not in sync with the Podfile.lock. Run 'pod install' or update your CocoaPods installation.\" >&2\n    exit 1\nfi\n";
			showEnvVarsInLog = 0;
		};
		6F0A4B3A6F317DD5A76EE3C5 /* [CP] Copy Pods Resources */ = {
			isa = PBXShellScriptBuildPhase;
			buildActionMask = 2147483647;
			files = (
			);
			inputPaths = (
			);
			name = "[CP] Copy Pods Resources";
			outputPaths = (
			);
			runOnlyForDeploymentPostprocessing = 0;
			shellPath = /bin/sh;
			shellScript = "\"${SRCROOT}/Pods/Target Support Files/Pods-wawj/Pods-wawj-resources.sh\"\n";
			showEnvVarsInLog = 0;
		};
		9355C0A98C9AB2198B965B5A /* [CP] Copy Pods Resources */ = {
			isa = PBXShellScriptBuildPhase;
			buildActionMask = 2147483647;
			files = (
			);
			inputPaths = (
			);
			name = "[CP] Copy Pods Resources";
			outputPaths = (
			);
			runOnlyForDeploymentPostprocessing = 0;
			shellPath = /bin/sh;
			shellScript = "\"${SRCROOT}/Pods/Target Support Files/Pods-wawjTests/Pods-wawjTests-resources.sh\"\n";
			showEnvVarsInLog = 0;
		};
		9CEFE3A3177815D878908889 /* [CP] Check Pods Manifest.lock */ = {
			isa = PBXShellScriptBuildPhase;
			buildActionMask = 2147483647;
			files = (
			);
			inputPaths = (
			);
			name = "[CP] Check Pods Manifest.lock";
			outputPaths = (
			);
			runOnlyForDeploymentPostprocessing = 0;
			shellPath = /bin/sh;
			shellScript = "diff \"${PODS_ROOT}/../Podfile.lock\" \"${PODS_ROOT}/Manifest.lock\" > /dev/null\nif [ $? != 0 ] ; then\n    # print error to STDERR\n    echo \"error: The sandbox is not in sync with the Podfile.lock. Run 'pod install' or update your CocoaPods installation.\" >&2\n    exit 1\nfi\n";
			showEnvVarsInLog = 0;
		};
		BBFC5557C2E263D1BC73F4C7 /* [CP] Embed Pods Frameworks */ = {
			isa = PBXShellScriptBuildPhase;
			buildActionMask = 2147483647;
			files = (
			);
			inputPaths = (
			);
			name = "[CP] Embed Pods Frameworks";
			outputPaths = (
			);
			runOnlyForDeploymentPostprocessing = 0;
			shellPath = /bin/sh;
			shellScript = "\"${SRCROOT}/Pods/Target Support Files/Pods-wawj/Pods-wawj-frameworks.sh\"\n";
			showEnvVarsInLog = 0;
		};
		F32BCE9E9BB49260AF8FE99A /* [CP] Embed Pods Frameworks */ = {
			isa = PBXShellScriptBuildPhase;
			buildActionMask = 2147483647;
			files = (
			);
			inputPaths = (
			);
			name = "[CP] Embed Pods Frameworks";
			outputPaths = (
			);
			runOnlyForDeploymentPostprocessing = 0;
			shellPath = /bin/sh;
			shellScript = "\"${SRCROOT}/Pods/Target Support Files/Pods-wawjUITests/Pods-wawjUITests-frameworks.sh\"\n";
			showEnvVarsInLog = 0;
		};
/* End PBXShellScriptBuildPhase section */

/* Begin PBXSourcesBuildPhase section */
		77832DDA1F0CB3600009F004 /* Sources */ = {
			isa = PBXSourcesBuildPhase;
			buildActionMask = 2147483647;
			files = (
				771F95791F0DD75D00B4D016 /* WARegisterViewController.m in Sources */,
				77832DE61F0CB3600009F004 /* AppDelegate.m in Sources */,
				77832DE31F0CB3600009F004 /* main.m in Sources */,
			);
			runOnlyForDeploymentPostprocessing = 0;
		};
		77832DF31F0CB3600009F004 /* Sources */ = {
			isa = PBXSourcesBuildPhase;
			buildActionMask = 2147483647;
			files = (
				77832DFC1F0CB3600009F004 /* wawjTests.m in Sources */,
			);
			runOnlyForDeploymentPostprocessing = 0;
		};
		77832DFE1F0CB3600009F004 /* Sources */ = {
			isa = PBXSourcesBuildPhase;
			buildActionMask = 2147483647;
			files = (
				77832E071F0CB3600009F004 /* wawjUITests.m in Sources */,
			);
			runOnlyForDeploymentPostprocessing = 0;
		};
/* End PBXSourcesBuildPhase section */

/* Begin PBXTargetDependency section */
		77832DF91F0CB3600009F004 /* PBXTargetDependency */ = {
			isa = PBXTargetDependency;
			target = 77832DDD1F0CB3600009F004 /* wawj */;
			targetProxy = 77832DF81F0CB3600009F004 /* PBXContainerItemProxy */;
		};
		77832E041F0CB3600009F004 /* PBXTargetDependency */ = {
			isa = PBXTargetDependency;
			target = 77832DDD1F0CB3600009F004 /* wawj */;
			targetProxy = 77832E031F0CB3600009F004 /* PBXContainerItemProxy */;
		};
/* End PBXTargetDependency section */

/* Begin PBXVariantGroup section */
		77832DEA1F0CB3600009F004 /* Main.storyboard */ = {
			isa = PBXVariantGroup;
			children = (
				77832DEB1F0CB3600009F004 /* Base */,
			);
			name = Main.storyboard;
			sourceTree = "<group>";
		};
		77832DEF1F0CB3600009F004 /* LaunchScreen.storyboard */ = {
			isa = PBXVariantGroup;
			children = (
				77832DF01F0CB3600009F004 /* Base */,
			);
			name = LaunchScreen.storyboard;
			sourceTree = "<group>";
		};
/* End PBXVariantGroup section */

/* Begin XCBuildConfiguration section */
		77832E091F0CB3600009F004 /* Debug */ = {
			isa = XCBuildConfiguration;
			buildSettings = {
				ALWAYS_SEARCH_USER_PATHS = NO;
				CLANG_ANALYZER_NONNULL = YES;
				CLANG_CXX_LANGUAGE_STANDARD = "gnu++0x";
				CLANG_CXX_LIBRARY = "libc++";
				CLANG_ENABLE_MODULES = YES;
				CLANG_ENABLE_OBJC_ARC = YES;
				CLANG_WARN_BOOL_CONVERSION = YES;
				CLANG_WARN_CONSTANT_CONVERSION = YES;
				CLANG_WARN_DIRECT_OBJC_ISA_USAGE = YES_ERROR;
				CLANG_WARN_DOCUMENTATION_COMMENTS = YES;
				CLANG_WARN_EMPTY_BODY = YES;
				CLANG_WARN_ENUM_CONVERSION = YES;
				CLANG_WARN_INFINITE_RECURSION = YES;
				CLANG_WARN_INT_CONVERSION = YES;
				CLANG_WARN_OBJC_ROOT_CLASS = YES_ERROR;
				CLANG_WARN_SUSPICIOUS_MOVE = YES;
				CLANG_WARN_UNREACHABLE_CODE = YES;
				CLANG_WARN__DUPLICATE_METHOD_MATCH = YES;
				"CODE_SIGN_IDENTITY[sdk=iphoneos*]" = "iPhone Developer";
				COPY_PHASE_STRIP = NO;
				DEBUG_INFORMATION_FORMAT = dwarf;
				ENABLE_STRICT_OBJC_MSGSEND = YES;
				ENABLE_TESTABILITY = YES;
				GCC_C_LANGUAGE_STANDARD = gnu99;
				GCC_DYNAMIC_NO_PIC = NO;
				GCC_NO_COMMON_BLOCKS = YES;
				GCC_OPTIMIZATION_LEVEL = 0;
				GCC_PREPROCESSOR_DEFINITIONS = (
					"DEBUG=1",
					"$(inherited)",
				);
				GCC_WARN_64_TO_32_BIT_CONVERSION = YES;
				GCC_WARN_ABOUT_RETURN_TYPE = YES_ERROR;
				GCC_WARN_UNDECLARED_SELECTOR = YES;
				GCC_WARN_UNINITIALIZED_AUTOS = YES_AGGRESSIVE;
				GCC_WARN_UNUSED_FUNCTION = YES;
				GCC_WARN_UNUSED_VARIABLE = YES;
				IPHONEOS_DEPLOYMENT_TARGET = 10.2;
				MTL_ENABLE_DEBUG_INFO = YES;
				ONLY_ACTIVE_ARCH = YES;
				SDKROOT = iphoneos;
				TARGETED_DEVICE_FAMILY = "1,2";
			};
			name = Debug;
		};
		77832E0A1F0CB3600009F004 /* Release */ = {
			isa = XCBuildConfiguration;
			buildSettings = {
				ALWAYS_SEARCH_USER_PATHS = NO;
				CLANG_ANALYZER_NONNULL = YES;
				CLANG_CXX_LANGUAGE_STANDARD = "gnu++0x";
				CLANG_CXX_LIBRARY = "libc++";
				CLANG_ENABLE_MODULES = YES;
				CLANG_ENABLE_OBJC_ARC = YES;
				CLANG_WARN_BOOL_CONVERSION = YES;
				CLANG_WARN_CONSTANT_CONVERSION = YES;
				CLANG_WARN_DIRECT_OBJC_ISA_USAGE = YES_ERROR;
				CLANG_WARN_DOCUMENTATION_COMMENTS = YES;
				CLANG_WARN_EMPTY_BODY = YES;
				CLANG_WARN_ENUM_CONVERSION = YES;
				CLANG_WARN_INFINITE_RECURSION = YES;
				CLANG_WARN_INT_CONVERSION = YES;
				CLANG_WARN_OBJC_ROOT_CLASS = YES_ERROR;
				CLANG_WARN_SUSPICIOUS_MOVE = YES;
				CLANG_WARN_UNREACHABLE_CODE = YES;
				CLANG_WARN__DUPLICATE_METHOD_MATCH = YES;
				"CODE_SIGN_IDENTITY[sdk=iphoneos*]" = "iPhone Developer";
				COPY_PHASE_STRIP = NO;
				DEBUG_INFORMATION_FORMAT = "dwarf-with-dsym";
				ENABLE_NS_ASSERTIONS = NO;
				ENABLE_STRICT_OBJC_MSGSEND = YES;
				GCC_C_LANGUAGE_STANDARD = gnu99;
				GCC_NO_COMMON_BLOCKS = YES;
				GCC_WARN_64_TO_32_BIT_CONVERSION = YES;
				GCC_WARN_ABOUT_RETURN_TYPE = YES_ERROR;
				GCC_WARN_UNDECLARED_SELECTOR = YES;
				GCC_WARN_UNINITIALIZED_AUTOS = YES_AGGRESSIVE;
				GCC_WARN_UNUSED_FUNCTION = YES;
				GCC_WARN_UNUSED_VARIABLE = YES;
				IPHONEOS_DEPLOYMENT_TARGET = 10.2;
				MTL_ENABLE_DEBUG_INFO = NO;
				SDKROOT = iphoneos;
				TARGETED_DEVICE_FAMILY = "1,2";
				VALIDATE_PRODUCT = YES;
			};
			name = Release;
		};
		77832E0C1F0CB3600009F004 /* Debug */ = {
			isa = XCBuildConfiguration;
			baseConfigurationReference = 8B21D00EF72FB7B38D7B26B0 /* Pods-wawj.debug.xcconfig */;
			buildSettings = {
				ASSETCATALOG_COMPILER_APPICON_NAME = AppIcon;
				DEVELOPMENT_TEAM = T693A8J42H;
				INFOPLIST_FILE = wawj/Info.plist;
				IPHONEOS_DEPLOYMENT_TARGET = 9.0;
				LD_RUNPATH_SEARCH_PATHS = "$(inherited) @executable_path/Frameworks";
				PRODUCT_BUNDLE_IDENTIFIER = liwuyang.wawj;
				PRODUCT_NAME = "$(TARGET_NAME)";
				TARGETED_DEVICE_FAMILY = 1;
			};
			name = Debug;
		};
		77832E0D1F0CB3600009F004 /* Release */ = {
			isa = XCBuildConfiguration;
			baseConfigurationReference = BFA43CEA23B85C594B7FA94D /* Pods-wawj.release.xcconfig */;
			buildSettings = {
				ASSETCATALOG_COMPILER_APPICON_NAME = AppIcon;
				DEVELOPMENT_TEAM = T693A8J42H;
				INFOPLIST_FILE = wawj/Info.plist;
				IPHONEOS_DEPLOYMENT_TARGET = 9.0;
				LD_RUNPATH_SEARCH_PATHS = "$(inherited) @executable_path/Frameworks";
				PRODUCT_BUNDLE_IDENTIFIER = liwuyang.wawj;
				PRODUCT_NAME = "$(TARGET_NAME)";
				TARGETED_DEVICE_FAMILY = 1;
			};
			name = Release;
		};
		77832E0F1F0CB3600009F004 /* Debug */ = {
			isa = XCBuildConfiguration;
			baseConfigurationReference = F94C0FFCB4E73951FC2B9DE5 /* Pods-wawjTests.debug.xcconfig */;
			buildSettings = {
				BUNDLE_LOADER = "$(TEST_HOST)";
				DEVELOPMENT_TEAM = T693A8J42H;
				INFOPLIST_FILE = wawjTests/Info.plist;
				LD_RUNPATH_SEARCH_PATHS = "$(inherited) @executable_path/Frameworks @loader_path/Frameworks";
				PRODUCT_BUNDLE_IDENTIFIER = liwuyang.wawjTests;
				PRODUCT_NAME = "$(TARGET_NAME)";
				TEST_HOST = "$(BUILT_PRODUCTS_DIR)/wawj.app/wawj";
			};
			name = Debug;
		};
		77832E101F0CB3600009F004 /* Release */ = {
			isa = XCBuildConfiguration;
			baseConfigurationReference = 491A08007405ED99B37CAC45 /* Pods-wawjTests.release.xcconfig */;
			buildSettings = {
				BUNDLE_LOADER = "$(TEST_HOST)";
				DEVELOPMENT_TEAM = T693A8J42H;
				INFOPLIST_FILE = wawjTests/Info.plist;
				LD_RUNPATH_SEARCH_PATHS = "$(inherited) @executable_path/Frameworks @loader_path/Frameworks";
				PRODUCT_BUNDLE_IDENTIFIER = liwuyang.wawjTests;
				PRODUCT_NAME = "$(TARGET_NAME)";
				TEST_HOST = "$(BUILT_PRODUCTS_DIR)/wawj.app/wawj";
			};
			name = Release;
		};
		77832E121F0CB3600009F004 /* Debug */ = {
			isa = XCBuildConfiguration;
			baseConfigurationReference = DF84A151F2BDB576F4E0B027 /* Pods-wawjUITests.debug.xcconfig */;
			buildSettings = {
				DEVELOPMENT_TEAM = T693A8J42H;
				INFOPLIST_FILE = wawjUITests/Info.plist;
				LD_RUNPATH_SEARCH_PATHS = "$(inherited) @executable_path/Frameworks @loader_path/Frameworks";
				PRODUCT_BUNDLE_IDENTIFIER = liwuyang.wawjUITests;
				PRODUCT_NAME = "$(TARGET_NAME)";
				TEST_TARGET_NAME = wawj;
			};
			name = Debug;
		};
		77832E131F0CB3600009F004 /* Release */ = {
			isa = XCBuildConfiguration;
			baseConfigurationReference = E07A4DA50E1B93552860701F /* Pods-wawjUITests.release.xcconfig */;
			buildSettings = {
				DEVELOPMENT_TEAM = T693A8J42H;
				INFOPLIST_FILE = wawjUITests/Info.plist;
				LD_RUNPATH_SEARCH_PATHS = "$(inherited) @executable_path/Frameworks @loader_path/Frameworks";
				PRODUCT_BUNDLE_IDENTIFIER = liwuyang.wawjUITests;
				PRODUCT_NAME = "$(TARGET_NAME)";
				TEST_TARGET_NAME = wawj;
			};
			name = Release;
		};
/* End XCBuildConfiguration section */

/* Begin XCConfigurationList section */
		77832DD91F0CB3600009F004 /* Build configuration list for PBXProject "wawj" */ = {
			isa = XCConfigurationList;
			buildConfigurations = (
				77832E091F0CB3600009F004 /* Debug */,
				77832E0A1F0CB3600009F004 /* Release */,
			);
			defaultConfigurationIsVisible = 0;
			defaultConfigurationName = Release;
		};
		77832E0B1F0CB3600009F004 /* Build configuration list for PBXNativeTarget "wawj" */ = {
			isa = XCConfigurationList;
			buildConfigurations = (
				77832E0C1F0CB3600009F004 /* Debug */,
				77832E0D1F0CB3600009F004 /* Release */,
			);
			defaultConfigurationIsVisible = 0;
			defaultConfigurationName = Release;
		};
		77832E0E1F0CB3600009F004 /* Build configuration list for PBXNativeTarget "wawjTests" */ = {
			isa = XCConfigurationList;
			buildConfigurations = (
				77832E0F1F0CB3600009F004 /* Debug */,
				77832E101F0CB3600009F004 /* Release */,
			);
			defaultConfigurationIsVisible = 0;
			defaultConfigurationName = Release;
		};
		77832E111F0CB3600009F004 /* Build configuration list for PBXNativeTarget "wawjUITests" */ = {
			isa = XCConfigurationList;
			buildConfigurations = (
				77832E121F0CB3600009F004 /* Debug */,
				77832E131F0CB3600009F004 /* Release */,
			);
			defaultConfigurationIsVisible = 0;
			defaultConfigurationName = Release;
		};
/* End XCConfigurationList section */
	};
	rootObject = 77832DD61F0CB3600009F004 /* Project object */;
}
